
Microsoft Visual Studio Solution File, Format Version 12.00
# Visual Studio 2012
Project("{FAE04EC0-301F-11D3-BF4B-00C04F79EFBC}") = "Neural", "Neural\Neural.csproj", "{4E0C90DB-42AE-48F3-B489-4CF4B30EEB98}"
EndProject
Global
	GlobalSection(SolutionConfigurationPlatforms) = preSolution
		Debug|Any CPU = Debug|Any CPU
		Release|Any CPU = Release|Any CPU
	EndGlobalSection
	GlobalSection(ProjectConfigurationPlatforms) = postSolution
		{4E0C90DB-42AE-48F3-B489-4CF4B30EEB98}.Debug|Any CPU.ActiveCfg = Debug|Any CPU
		{4E0C90DB-42AE-48F3-B489-4CF4B30EEB98}.Debug|Any CPU.Build.0 = Debug|Any CPU
		{4E0C90DB-42AE-48F3-B489-4CF4B30EEB98}.Release|Any CPU.ActiveCfg = Release|Any CPU
		{4E0C90DB-42AE-48F3-B489-4CF4B30EEB98}.Release|Any CPU.Build.0 = Release|Any CPU
	EndGlobalSection
	GlobalSection(SolutionProperties) = preSolution
		HideSolutionNode = FALSE
	EndGlobalSection
EndGlobal
